
Microsoft Visual Studio Solution File, Format Version 10.00
# Visual Studio 2008
Project("{8BC9CEB8-8B4A-11D0-8D11-00A0C91BC942}") = "codename_ch", "codename_ch.vcproj", "{11A9FC0E-E12A-4DD1-B1FD-60DF85000A3A}"
	ProjectSection(ProjectDependencies) = postProject
		{18A93020-F442-436D-809B-0976BAB8E163} = {18A93020-F442-436D-809B-0976BAB8E163}
		{41350E2B-C9BE-48B0-96BD-5D9C7DF08663} = {41350E2B-C9BE-48B0-96BD-5D9C7DF08663}
		{5E05CA90-5A2B-46A0-91B1-4E91ADF2F549} = {5E05CA90-5A2B-46A0-91B1-4E91ADF2F549}
		{B0C69191-64BF-4FA6-81C4-1BDF6DDE7CE3} = {B0C69191-64BF-4FA6-81C4-1BDF6DDE7CE3}
		{302640A2-4C08-405A-A1C8-668D5642A98D} = {302640A2-4C08-405A-A1C8-668D5642A98D}
		{1D3401ED-8DD2-409B-8280-3EFD3067E98B} = {1D3401ED-8DD2-409B-8280-3EFD3067E98B}
	EndProjectSection
EndProject
Project("{8BC9CEB8-8B4A-11D0-8D11-00A0C91BC942}") = "system", "System\System.vcproj", "{18A93020-F442-436D-809B-0976BAB8E163}"
	ProjectSection(ProjectDependencies) = postProject
		{B0C69191-64BF-4FA6-81C4-1BDF6DDE7CE3} = {B0C69191-64BF-4FA6-81C4-1BDF6DDE7CE3}
	EndProjectSection
EndProject
Project("{8BC9CEB8-8B4A-11D0-8D11-00A0C91BC942}") = "celsus", "..\celsus\celsus.vcproj", "{B0C69191-64BF-4FA6-81C4-1BDF6DDE7CE3}"
EndProject
Project("{8BC9CEB8-8B4A-11D0-8D11-00A0C91BC942}") = "redux", "redux\redux.vcproj", "{41350E2B-C9BE-48B0-96BD-5D9C7DF08663}"
	ProjectSection(ProjectDependencies) = postProject
		{B0C69191-64BF-4FA6-81C4-1BDF6DDE7CE3} = {B0C69191-64BF-4FA6-81C4-1BDF6DDE7CE3}
		{1D3401ED-8DD2-409B-8280-3EFD3067E98B} = {1D3401ED-8DD2-409B-8280-3EFD3067E98B}
	EndProjectSection
EndProject
Project("{8BC9CEB8-8B4A-11D0-8D11-00A0C91BC942}") = "dx_ext", "dx_ext\dx_ext.vcproj", "{65C56D4E-0021-4A42-8643-1F1BD226A9B0}"
EndProject
Project("{8BC9CEB8-8B4A-11D0-8D11-00A0C91BC942}") = "bzip2", "..\libs\bzip2-1.0.5\bzip2\bzip2.vcproj", "{1D3401ED-8DD2-409B-8280-3EFD3067E98B}"
EndProject
Project("{8BC9CEB8-8B4A-11D0-8D11-00A0C91BC942}") = "yajl", "..\libs\yajl\yajl.vcproj", "{302640A2-4C08-405A-A1C8-668D5642A98D}"
EndProject
Project("{8BC9CEB8-8B4A-11D0-8D11-00A0C91BC942}") = "zlib", "..\libs\zlib-1.2.3\zlib\zlib.vcproj", "{5E05CA90-5A2B-46A0-91B1-4E91ADF2F549}"
EndProject
Global
	GlobalSection(SolutionConfigurationPlatforms) = preSolution
		Debug (SA)|Win32 = Debug (SA)|Win32
		Debug|Win32 = Debug|Win32
		Release (SA)|Win32 = Release (SA)|Win32
		Release|Win32 = Release|Win32
	EndGlobalSection
	GlobalSection(ProjectConfigurationPlatforms) = postSolution
		{11A9FC0E-E12A-4DD1-B1FD-60DF85000A3A}.Debug (SA)|Win32.ActiveCfg = Debug (SA)|Win32
		{11A9FC0E-E12A-4DD1-B1FD-60DF85000A3A}.Debug (SA)|Win32.Build.0 = Debug (SA)|Win32
		{11A9FC0E-E12A-4DD1-B1FD-60DF85000A3A}.Debug|Win32.ActiveCfg = Debug|Win32
		{11A9FC0E-E12A-4DD1-B1FD-60DF85000A3A}.Debug|Win32.Build.0 = Debug|Win32
		{11A9FC0E-E12A-4DD1-B1FD-60DF85000A3A}.Release (SA)|Win32.ActiveCfg = Release (SA)|Win32
		{11A9FC0E-E12A-4DD1-B1FD-60DF85000A3A}.Release (SA)|Win32.Build.0 = Release (SA)|Win32
		{11A9FC0E-E12A-4DD1-B1FD-60DF85000A3A}.Release|Win32.ActiveCfg = Release|Win32
		{11A9FC0E-E12A-4DD1-B1FD-60DF85000A3A}.Release|Win32.Build.0 = Release|Win32
		{18A93020-F442-436D-809B-0976BAB8E163}.Debug (SA)|Win32.ActiveCfg = Debug (SA)|Win32
		{18A93020-F442-436D-809B-0976BAB8E163}.Debug (SA)|Win32.Build.0 = Debug (SA)|Win32
		{18A93020-F442-436D-809B-0976BAB8E163}.Debug|Win32.ActiveCfg = Debug|Win32
		{18A93020-F442-436D-809B-0976BAB8E163}.Debug|Win32.Build.0 = Debug|Win32
		{18A93020-F442-436D-809B-0976BAB8E163}.Release (SA)|Win32.ActiveCfg = Release (SA)|Win32
		{18A93020-F442-436D-809B-0976BAB8E163}.Release (SA)|Win32.Build.0 = Release (SA)|Win32
		{18A93020-F442-436D-809B-0976BAB8E163}.Release|Win32.ActiveCfg = Release|Win32
		{18A93020-F442-436D-809B-0976BAB8E163}.Release|Win32.Build.0 = Release|Win32
		{B0C69191-64BF-4FA6-81C4-1BDF6DDE7CE3}.Debug (SA)|Win32.ActiveCfg = Debug|Win32
		{B0C69191-64BF-4FA6-81C4-1BDF6DDE7CE3}.Debug (SA)|Win32.Build.0 = Debug|Win32
		{B0C69191-64BF-4FA6-81C4-1BDF6DDE7CE3}.Debug|Win32.ActiveCfg = Debug|Win32
		{B0C69191-64BF-4FA6-81C4-1BDF6DDE7CE3}.Debug|Win32.Build.0 = Debug|Win32
		{B0C69191-64BF-4FA6-81C4-1BDF6DDE7CE3}.Release (SA)|Win32.ActiveCfg = Release|Win32
		{B0C69191-64BF-4FA6-81C4-1BDF6DDE7CE3}.Release (SA)|Win32.Build.0 = Release|Win32
		{B0C69191-64BF-4FA6-81C4-1BDF6DDE7CE3}.Release|Win32.ActiveCfg = Release|Win32
		{B0C69191-64BF-4FA6-81C4-1BDF6DDE7CE3}.Release|Win32.Build.0 = Release|Win32
		{41350E2B-C9BE-48B0-96BD-5D9C7DF08663}.Debug (SA)|Win32.ActiveCfg = Debug (SA)|Win32
		{41350E2B-C9BE-48B0-96BD-5D9C7DF08663}.Debug (SA)|Win32.Build.0 = Debug (SA)|Win32
		{41350E2B-C9BE-48B0-96BD-5D9C7DF08663}.Debug|Win32.ActiveCfg = Debug|Win32
		{41350E2B-C9BE-48B0-96BD-5D9C7DF08663}.Debug|Win32.Build.0 = Debug|Win32
		{41350E2B-C9BE-48B0-96BD-5D9C7DF08663}.Release (SA)|Win32.ActiveCfg = Release (SA)|Win32
		{41350E2B-C9BE-48B0-96BD-5D9C7DF08663}.Release (SA)|Win32.Build.0 = Release (SA)|Win32
		{41350E2B-C9BE-48B0-96BD-5D9C7DF08663}.Release|Win32.ActiveCfg = Release|Win32
		{41350E2B-C9BE-48B0-96BD-5D9C7DF08663}.Release|Win32.Build.0 = Release|Win32
		{65C56D4E-0021-4A42-8643-1F1BD226A9B0}.Debug (SA)|Win32.ActiveCfg = Debug|Win32
		{65C56D4E-0021-4A42-8643-1F1BD226A9B0}.Debug|Win32.ActiveCfg = Debug|Win32
		{65C56D4E-0021-4A42-8643-1F1BD226A9B0}.Debug|Win32.Build.0 = Debug|Win32
		{65C56D4E-0021-4A42-8643-1F1BD226A9B0}.Release (SA)|Win32.ActiveCfg = Release|Win32
		{65C56D4E-0021-4A42-8643-1F1BD226A9B0}.Release|Win32.ActiveCfg = Release|Win32
		{65C56D4E-0021-4A42-8643-1F1BD226A9B0}.Release|Win32.Build.0 = Release|Win32
		{1D3401ED-8DD2-409B-8280-3EFD3067E98B}.Debug (SA)|Win32.ActiveCfg = Debug|Win32
		{1D3401ED-8DD2-409B-8280-3EFD3067E98B}.Debug (SA)|Win32.Build.0 = Debug|Win32
		{1D3401ED-8DD2-409B-8280-3EFD3067E98B}.Debug|Win32.ActiveCfg = Debug|Win32
		{1D3401ED-8DD2-409B-8280-3EFD3067E98B}.Debug|Win32.Build.0 = Debug|Win32
		{1D3401ED-8DD2-409B-8280-3EFD3067E98B}.Release (SA)|Win32.ActiveCfg = Release|Win32
		{1D3401ED-8DD2-409B-8280-3EFD3067E98B}.Release (SA)|Win32.Build.0 = Release|Win32
		{1D3401ED-8DD2-409B-8280-3EFD3067E98B}.Release|Win32.ActiveCfg = Release|Win32
		{1D3401ED-8DD2-409B-8280-3EFD3067E98B}.Release|Win32.Build.0 = Release|Win32
		{302640A2-4C08-405A-A1C8-668D5642A98D}.Debug (SA)|Win32.ActiveCfg = Debug|Win32
		{302640A2-4C08-405A-A1C8-668D5642A98D}.Debug (SA)|Win32.Build.0 = Debug|Win32
		{302640A2-4C08-405A-A1C8-668D5642A98D}.Debug|Win32.ActiveCfg = Debug|Win32
		{302640A2-4C08-405A-A1C8-668D5642A98D}.Debug|Win32.Build.0 = Debug|Win32
		{302640A2-4C08-405A-A1C8-668D5642A98D}.Release (SA)|Win32.ActiveCfg = Release|Win32
		{302640A2-4C08-405A-A1C8-668D5642A98D}.Release (SA)|Win32.Build.0 = Release|Win32
		{302640A2-4C08-405A-A1C8-668D5642A98D}.Release|Win32.ActiveCfg = Release|Win32
		{302640A2-4C08-405A-A1C8-668D5642A98D}.Release|Win32.Build.0 = Release|Win32
		{5E05CA90-5A2B-46A0-91B1-4E91ADF2F549}.Debug (SA)|Win32.ActiveCfg = Debug|Win32
		{5E05CA90-5A2B-46A0-91B1-4E91ADF2F549}.Debug (SA)|Win32.Build.0 = Debug|Win32
		{5E05CA90-5A2B-46A0-91B1-4E91ADF2F549}.Debug|Win32.ActiveCfg = Debug|Win32
		{5E05CA90-5A2B-46A0-91B1-4E91ADF2F549}.Debug|Win32.Build.0 = Debug|Win32
		{5E05CA90-5A2B-46A0-91B1-4E91ADF2F549}.Release (SA)|Win32.ActiveCfg = Release|Win32
		{5E05CA90-5A2B-46A0-91B1-4E91ADF2F549}.Release (SA)|Win32.Build.0 = Release|Win32
		{5E05CA90-5A2B-46A0-91B1-4E91ADF2F549}.Release|Win32.ActiveCfg = Release|Win32
		{5E05CA90-5A2B-46A0-91B1-4E91ADF2F549}.Release|Win32.Build.0 = Release|Win32
	EndGlobalSection
	GlobalSection(SolutionProperties) = preSolution
		HideSolutionNode = FALSE
	EndGlobalSection
EndGlobal
